
Microsoft Visual Studio Solution File, Format Version 11.00
# Visual Studio 2010
Project("{FAE04EC0-301F-11D3-BF4B-00C04F79EFBC}") = "Assembly-CSharp", "Assembly-CSharp.csproj", "{ae633072-f09d-ca37-b7e6-0a2b0653909f}"
EndProject
Project("{FAE04EC0-301F-11D3-BF4B-00C04F79EFBC}") = "Assembly-CSharp-firstpass", "Assembly-CSharp-firstpass.csproj", "{90b70269-e503-54f6-f711-2cfd545890aa}"
EndProject
Project("{FAE04EC0-301F-11D3-BF4B-00C04F79EFBC}") = "Assembly-CSharp-Editor", "Assembly-CSharp-Editor.csproj", "{7eeef3a0-fab2-318c-7afb-f3fa55c65302}"
EndProject
Global
	GlobalSection(SolutionConfigurationPlatforms) = preSolution
		Debug|Any CPU = Debug|Any CPU
	EndGlobalSection
	GlobalSection(ProjectConfigurationPlatforms) = postSolution
		{ae633072-f09d-ca37-b7e6-0a2b0653909f}.Debug|Any CPU.ActiveCfg = Debug|Any CPU
		{ae633072-f09d-ca37-b7e6-0a2b0653909f}.Debug|Any CPU.Build.0 = Debug|Any CPU
		{90b70269-e503-54f6-f711-2cfd545890aa}.Debug|Any CPU.ActiveCfg = Debug|Any CPU
		{90b70269-e503-54f6-f711-2cfd545890aa}.Debug|Any CPU.Build.0 = Debug|Any CPU
		{7eeef3a0-fab2-318c-7afb-f3fa55c65302}.Debug|Any CPU.ActiveCfg = Debug|Any CPU
		{7eeef3a0-fab2-318c-7afb-f3fa55c65302}.Debug|Any CPU.Build.0 = Debug|Any CPU
	EndGlobalSection
	GlobalSection(SolutionProperties) = preSolution
		HideSolutionNode = FALSE
	EndGlobalSection
EndGlobal
